{
	"name": "OpenPlatform",
	"version": "4.9.0",
	"lockfileVersion": 1,
	"requires": true,
	"dependencies": {
		"dbms": {
			"version": "1.0.4",
			"resolved": "https://registry.npmjs.org/dbms/-/dbms-1.0.4.tgz",
			"integrity": "sha512-kHRwdE8gnennjx7VFOchJGjOu0AIVzu7Gbnmux7s29qzRX/5dBfKU8vpxWxxjBbvoap3nwdSRlZAf8hzJ9hwvA=="
		},
		"total4": {
			"version": "0.0.50",
			"resolved": "https://registry.npmjs.org/total4/-/total4-0.0.50.tgz",
			"integrity": "sha512-9YXGeRUM8rkUQUa9Kiex3j0KPKeJBb7iOYmuMB90+kYtFmuwSnRKUw611qEwhKCbivuZ9qFkP8so8grsMtXLLg=="
		}
	}
}
